
Microsoft Visual Studio Solution File, Format Version 12.00
# Visual Studio 15
VisualStudioVersion = 15.0.27703.2047
MinimumVisualStudioVersion = 10.0.40219.1
Project("{FAE04EC0-301F-11D3-BF4B-00C04F79EFBC}") = "MathTests", "MathTests\MathTests.csproj", "{EC6FF733-DE81-4E4E-AE96-29CA859D5DBC}"
EndProject
Global
	GlobalSection(SolutionConfigurationPlatforms) = preSolution
		Debug|Any CPU = Debug|Any CPU
		Release|Any CPU = Release|Any CPU
	EndGlobalSection
	GlobalSection(ProjectConfigurationPlatforms) = postSolution
		{EC6FF733-DE81-4E4E-AE96-29CA859D5DBC}.Debug|Any CPU.ActiveCfg = Debug|Any CPU
		{EC6FF733-DE81-4E4E-AE96-29CA859D5DBC}.Debug|Any CPU.Build.0 = Debug|Any CPU
		{EC6FF733-DE81-4E4E-AE96-29CA859D5DBC}.Release|Any CPU.ActiveCfg = Release|Any CPU
		{EC6FF733-DE81-4E4E-AE96-29CA859D5DBC}.Release|Any CPU.Build.0 = Release|Any CPU
	EndGlobalSection
	GlobalSection(SolutionProperties) = preSolution
		HideSolutionNode = FALSE
	EndGlobalSection
	GlobalSection(ExtensibilityGlobals) = postSolution
		SolutionGuid = {39E5DCFA-01F7-4941-9EF6-2C858CEAF8B0}
	EndGlobalSection
EndGlobal
